
Microsoft Visual Studio Solution File, Format Version 12.00
# Visual Studio Version 17
VisualStudioVersion = 17.0.31903.59
MinimumVisualStudioVersion = 10.0.40219.1
Project("{2150E333-8FDC-42A3-9474-1A3956D46DE8}") = "src", "src", "{827E0CD3-B72D-47B6-A68D-7590B98EB39B}"
EndProject
Project("{FAE04EC0-301F-11D3-BF4B-00C04F79EFBC}") = "TaskBoardLite.Api", "src\TaskBoardLite.Api\TaskBoardLite.Api.csproj", "{EEEA4799-9127-4C52-BDB9-691799FCC149}"
EndProject
Project("{FAE04EC0-301F-11D3-BF4B-00C04F79EFBC}") = "TaskBoardLite.Domain", "src\TaskBoardLite.Domain\TaskBoardLite.Domain.csproj", "{542EC34A-B70F-455E-9DAA-00B44A0D552E}"
EndProject
Project("{FAE04EC0-301F-11D3-BF4B-00C04F79EFBC}") = "TaskBoardLite.Infrastructure", "src\TaskBoardLite.Infrastructure\TaskBoardLite.Infrastructure.csproj", "{4B2F1B0C-8017-4165-9808-AAD016592703}"
EndProject
Project("{2150E333-8FDC-42A3-9474-1A3956D46DE8}") = "tests", "tests", "{0AB3BF05-4346-4AA6-1389-037BE0695223}"
EndProject
Project("{FAE04EC0-301F-11D3-BF4B-00C04F79EFBC}") = "TaskBoardLite.UnitTests", "tests\TaskBoardLite.UnitTests\TaskBoardLite.UnitTests.csproj", "{9D20C603-A807-44CA-86EC-9365CF48D25F}"
EndProject
Project("{FAE04EC0-301F-11D3-BF4B-00C04F79EFBC}") = "TaskBoardLite.IntegrationTests", "tests\TaskBoardLite.IntegrationTests\TaskBoardLite.IntegrationTests.csproj", "{34EB42DB-4C02-45E1-8C74-B9EA78B3A1C7}"
EndProject
Global
	GlobalSection(SolutionConfigurationPlatforms) = preSolution
		Debug|Any CPU = Debug|Any CPU
		Debug|x64 = Debug|x64
		Debug|x86 = Debug|x86
		Release|Any CPU = Release|Any CPU
		Release|x64 = Release|x64
		Release|x86 = Release|x86
	EndGlobalSection
	GlobalSection(ProjectConfigurationPlatforms) = postSolution
		{EEEA4799-9127-4C52-BDB9-691799FCC149}.Debug|Any CPU.ActiveCfg = Debug|Any CPU
		{EEEA4799-9127-4C52-BDB9-691799FCC149}.Debug|Any CPU.Build.0 = Debug|Any CPU
		{EEEA4799-9127-4C52-BDB9-691799FCC149}.Debug|x64.ActiveCfg = Debug|Any CPU
		{EEEA4799-9127-4C52-BDB9-691799FCC149}.Debug|x64.Build.0 = Debug|Any CPU
		{EEEA4799-9127-4C52-BDB9-691799FCC149}.Debug|x86.ActiveCfg = Debug|Any CPU
		{EEEA4799-9127-4C52-BDB9-691799FCC149}.Debug|x86.Build.0 = Debug|Any CPU
		{EEEA4799-9127-4C52-BDB9-691799FCC149}.Release|Any CPU.ActiveCfg = Release|Any CPU
		{EEEA4799-9127-4C52-BDB9-691799FCC149}.Release|Any CPU.Build.0 = Release|Any CPU
		{EEEA4799-9127-4C52-BDB9-691799FCC149}.Release|x64.ActiveCfg = Release|Any CPU
		{EEEA4799-9127-4C52-BDB9-691799FCC149}.Release|x64.Build.0 = Release|Any CPU
		{EEEA4799-9127-4C52-BDB9-691799FCC149}.Release|x86.ActiveCfg = Release|Any CPU
		{EEEA4799-9127-4C52-BDB9-691799FCC149}.Release|x86.Build.0 = Release|Any CPU
		{542EC34A-B70F-455E-9DAA-00B44A0D552E}.Debug|Any CPU.ActiveCfg = Debug|Any CPU
		{542EC34A-B70F-455E-9DAA-00B44A0D552E}.Debug|Any CPU.Build.0 = Debug|Any CPU
		{542EC34A-B70F-455E-9DAA-00B44A0D552E}.Debug|x64.ActiveCfg = Debug|Any CPU
		{542EC34A-B70F-455E-9DAA-00B44A0D552E}.Debug|x64.Build.0 = Debug|Any CPU
		{542EC34A-B70F-455E-9DAA-00B44A0D552E}.Debug|x86.ActiveCfg = Debug|Any CPU
		{542EC34A-B70F-455E-9DAA-00B44A0D552E}.Debug|x86.Build.0 = Debug|Any CPU
		{542EC34A-B70F-455E-9DAA-00B44A0D552E}.Release|Any CPU.ActiveCfg = Release|Any CPU
		{542EC34A-B70F-455E-9DAA-00B44A0D552E}.Release|Any CPU.Build.0 = Release|Any CPU
		{542EC34A-B70F-455E-9DAA-00B44A0D552E}.Release|x64.ActiveCfg = Release|Any CPU
		{542EC34A-B70F-455E-9DAA-00B44A0D552E}.Release|x64.Build.0 = Release|Any CPU
		{542EC34A-B70F-455E-9DAA-00B44A0D552E}.Release|x86.ActiveCfg = Release|Any CPU
		{542EC34A-B70F-455E-9DAA-00B44A0D552E}.Release|x86.Build.0 = Release|Any CPU
		{4B2F1B0C-8017-4165-9808-AAD016592703}.Debug|Any CPU.ActiveCfg = Debug|Any CPU
		{4B2F1B0C-8017-4165-9808-AAD016592703}.Debug|Any CPU.Build.0 = Debug|Any CPU
		{4B2F1B0C-8017-4165-9808-AAD016592703}.Debug|x64.ActiveCfg = Debug|Any CPU
		{4B2F1B0C-8017-4165-9808-AAD016592703}.Debug|x64.Build.0 = Debug|Any CPU
		{4B2F1B0C-8017-4165-9808-AAD016592703}.Debug|x86.ActiveCfg = Debug|Any CPU
		{4B2F1B0C-8017-4165-9808-AAD016592703}.Debug|x86.Build.0 = Debug|Any CPU
		{4B2F1B0C-8017-4165-9808-AAD016592703}.Release|Any CPU.ActiveCfg = Release|Any CPU
		{4B2F1B0C-8017-4165-9808-AAD016592703}.Release|Any CPU.Build.0 = Release|Any CPU
		{4B2F1B0C-8017-4165-9808-AAD016592703}.Release|x64.ActiveCfg = Release|Any CPU
		{4B2F1B0C-8017-4165-9808-AAD016592703}.Release|x64.Build.0 = Release|Any CPU
		{4B2F1B0C-8017-4165-9808-AAD016592703}.Release|x86.ActiveCfg = Release|Any CPU
		{4B2F1B0C-8017-4165-9808-AAD016592703}.Release|x86.Build.0 = Release|Any CPU
		{9D20C603-A807-44CA-86EC-9365CF48D25F}.Debug|Any CPU.ActiveCfg = Debug|Any CPU
		{9D20C603-A807-44CA-86EC-9365CF48D25F}.Debug|Any CPU.Build.0 = Debug|Any CPU
		{9D20C603-A807-44CA-86EC-9365CF48D25F}.Debug|x64.ActiveCfg = Debug|Any CPU
		{9D20C603-A807-44CA-86EC-9365CF48D25F}.Debug|x64.Build.0 = Debug|Any CPU
		{9D20C603-A807-44CA-86EC-9365CF48D25F}.Debug|x86.ActiveCfg = Debug|Any CPU
		{9D20C603-A807-44CA-86EC-9365CF48D25F}.Debug|x86.Build.0 = Debug|Any CPU
		{9D20C603-A807-44CA-86EC-9365CF48D25F}.Release|Any CPU.ActiveCfg = Release|Any CPU
		{9D20C603-A807-44CA-86EC-9365CF48D25F}.Release|Any CPU.Build.0 = Release|Any CPU
		{9D20C603-A807-44CA-86EC-9365CF48D25F}.Release|x64.ActiveCfg = Release|Any CPU
		{9D20C603-A807-44CA-86EC-9365CF48D25F}.Release|x64.Build.0 = Release|Any CPU
		{9D20C603-A807-44CA-86EC-9365CF48D25F}.Release|x86.ActiveCfg = Release|Any CPU
		{9D20C603-A807-44CA-86EC-9365CF48D25F}.Release|x86.Build.0 = Release|Any CPU
		{34EB42DB-4C02-45E1-8C74-B9EA78B3A1C7}.Debug|Any CPU.ActiveCfg = Debug|Any CPU
		{34EB42DB-4C02-45E1-8C74-B9EA78B3A1C7}.Debug|Any CPU.Build.0 = Debug|Any CPU
		{34EB42DB-4C02-45E1-8C74-B9EA78B3A1C7}.Debug|x64.ActiveCfg = Debug|Any CPU
		{34EB42DB-4C02-45E1-8C74-B9EA78B3A1C7}.Debug|x64.Build.0 = Debug|Any CPU
		{34EB42DB-4C02-45E1-8C74-B9EA78B3A1C7}.Debug|x86.ActiveCfg = Debug|Any CPU
		{34EB42DB-4C02-45E1-8C74-B9EA78B3A1C7}.Debug|x86.Build.0 = Debug|Any CPU
		{34EB42DB-4C02-45E1-8C74-B9EA78B3A1C7}.Release|Any CPU.ActiveCfg = Release|Any CPU
		{34EB42DB-4C02-45E1-8C74-B9EA78B3A1C7}.Release|Any CPU.Build.0 = Release|Any CPU
		{34EB42DB-4C02-45E1-8C74-B9EA78B3A1C7}.Release|x64.ActiveCfg = Release|Any CPU
		{34EB42DB-4C02-45E1-8C74-B9EA78B3A1C7}.Release|x64.Build.0 = Release|Any CPU
		{34EB42DB-4C02-45E1-8C74-B9EA78B3A1C7}.Release|x86.ActiveCfg = Release|Any CPU
		{34EB42DB-4C02-45E1-8C74-B9EA78B3A1C7}.Release|x86.Build.0 = Release|Any CPU
	EndGlobalSection
	GlobalSection(SolutionProperties) = preSolution
		HideSolutionNode = FALSE
	EndGlobalSection
	GlobalSection(NestedProjects) = preSolution
		{EEEA4799-9127-4C52-BDB9-691799FCC149} = {827E0CD3-B72D-47B6-A68D-7590B98EB39B}
		{542EC34A-B70F-455E-9DAA-00B44A0D552E} = {827E0CD3-B72D-47B6-A68D-7590B98EB39B}
		{4B2F1B0C-8017-4165-9808-AAD016592703} = {827E0CD3-B72D-47B6-A68D-7590B98EB39B}
		{9D20C603-A807-44CA-86EC-9365CF48D25F} = {0AB3BF05-4346-4AA6-1389-037BE0695223}
		{34EB42DB-4C02-45E1-8C74-B9EA78B3A1C7} = {0AB3BF05-4346-4AA6-1389-037BE0695223}
	EndGlobalSection
EndGlobal
